
Microsoft Visual Studio Solution File, Format Version 12.00
# Visual Studio Version 17
VisualStudioVersion = 17.6.33723.286
MinimumVisualStudioVersion = 10.0.40219.1
Project("{9A19103F-16F7-4668-BE54-9A1E7A4F7556}") = "Word-Grove-API", "Word-Grove-API\Word-Grove-API.csproj", "{65808341-D5BC-4EE5-A8D3-48D3B65A8C7B}"
EndProject
Global
	GlobalSection(SolutionConfigurationPlatforms) = preSolution
		Debug|Any CPU = Debug|Any CPU
		Release|Any CPU = Release|Any CPU
	EndGlobalSection
	GlobalSection(ProjectConfigurationPlatforms) = postSolution
		{65808341-D5BC-4EE5-A8D3-48D3B65A8C7B}.Debug|Any CPU.ActiveCfg = Debug|Any CPU
		{65808341-D5BC-4EE5-A8D3-48D3B65A8C7B}.Debug|Any CPU.Build.0 = Debug|Any CPU
		{65808341-D5BC-4EE5-A8D3-48D3B65A8C7B}.Release|Any CPU.ActiveCfg = Release|Any CPU
		{65808341-D5BC-4EE5-A8D3-48D3B65A8C7B}.Release|Any CPU.Build.0 = Release|Any CPU
	EndGlobalSection
	GlobalSection(SolutionProperties) = preSolution
		HideSolutionNode = FALSE
	EndGlobalSection
	GlobalSection(ExtensibilityGlobals) = postSolution
		SolutionGuid = {4AD99E98-8954-4FDA-9F87-B0DC99DD5000}
	EndGlobalSection
EndGlobal
